schema: '2.0'
stages:
  preprocess:
    cmd: python -m src.data.preprocess data/raw/train_file.xlsx models/preprocess_model.pkl
      data/processed/train_df.pkl
    deps:
    - path: data/raw/train_file.xlsx
      hash: md5
      md5: b515101a08ff8731e61316c01ba19090
      size: 2213191
    - path: src/data/preprocess.py
      hash: md5
      md5: c99c5931eee5081f7451527cd594aea7
      size: 927
    - path: src/data/preprocess_.py
      hash: md5
      md5: 8dd7ff9b1e61be9d645b7885b9180387
      size: 2780
    outs:
    - path: data/processed/train_df.pkl
      hash: md5
      md5: 1da647313efdea7696e289a1d4745313
      size: 2109420
    - path: models/preprocess_model.pkl
      hash: md5
      md5: 8c1aea4824c7bb33d2fc777cf1c7f915
      size: 993
  train:
    cmd: python -m src.model.train data/processed/train_df.pkl models/model.pkl
    deps:
    - path: data/processed/train_df.pkl
      hash: md5
      md5: 1da647313efdea7696e289a1d4745313
      size: 2109420
    - path: src/model/train.py
      hash: md5
      md5: 22faef70bbf3d3f4d5b86456bd570ab0
      size: 1055
    - path: src/model/train_.py
      hash: md5
      md5: f5bd05822516d88f5cd7b523bfc08474
      size: 3728
    outs:
    - path: models/model.pkl
      hash: md5
      md5: 02a32133e87625e8bc52d6ac3b7b9c91
      size: 690983
  predict:
    cmd: python -m src.model.predict data/raw/test_file.xlsx models/preprocess_model.pkl
      models/model.pkl data/processed/predictions.csv
    deps:
    - path: models/model.pkl
      hash: md5
      md5: 02a32133e87625e8bc52d6ac3b7b9c91
      size: 690983
    - path: models/preprocess_model.pkl
      hash: md5
      md5: 8c1aea4824c7bb33d2fc777cf1c7f915
      size: 993
    - path: src/model/predict.py
      hash: md5
      md5: ed93f2172bb5322ae9ea4c13475b462f
      size: 933
    outs:
    - path: data/processed/predictions.csv
      hash: md5
      md5: be5db4db22b72752bf7f54902768a499
      size: 811
